
Microsoft Visual Studio Solution File, Format Version 12.00
# Visual Studio Version 17
VisualStudioVersion = 17.0.31912.275
MinimumVisualStudioVersion = 10.0.40219.1
Project("{FAE04EC0-301F-11D3-BF4B-00C04F79EFBC}") = "RJJSON", "RJJSON.csproj", "{575E4594-E65F-49C0-95A4-A01F11F9C32D}"
EndProject
Project("{9A19103F-16F7-4668-BE54-9A1E7A4F7556}") = "RJJSONTests", "Tests\RJJSONTests.csproj", "{14EC33E0-BA27-47E1-B7E2-E8F8A6D40879}"
EndProject
Global
	GlobalSection(SolutionConfigurationPlatforms) = preSolution
		Debug|Any CPU = Debug|Any CPU
		Debug|x64 = Debug|x64
		Debug|x86 = Debug|x86
		Release|Any CPU = Release|Any CPU
		Release|x64 = Release|x64
		Release|x86 = Release|x86
	EndGlobalSection
	GlobalSection(ProjectConfigurationPlatforms) = postSolution
		{575E4594-E65F-49C0-95A4-A01F11F9C32D}.Debug|Any CPU.ActiveCfg = Debug|Any CPU
		{575E4594-E65F-49C0-95A4-A01F11F9C32D}.Debug|Any CPU.Build.0 = Debug|Any CPU
		{575E4594-E65F-49C0-95A4-A01F11F9C32D}.Debug|x64.ActiveCfg = Debug|Any CPU
		{575E4594-E65F-49C0-95A4-A01F11F9C32D}.Debug|x64.Build.0 = Debug|Any CPU
		{575E4594-E65F-49C0-95A4-A01F11F9C32D}.Debug|x86.ActiveCfg = Debug|Any CPU
		{575E4594-E65F-49C0-95A4-A01F11F9C32D}.Debug|x86.Build.0 = Debug|Any CPU
		{575E4594-E65F-49C0-95A4-A01F11F9C32D}.Release|Any CPU.ActiveCfg = Release|Any CPU
		{575E4594-E65F-49C0-95A4-A01F11F9C32D}.Release|Any CPU.Build.0 = Release|Any CPU
		{575E4594-E65F-49C0-95A4-A01F11F9C32D}.Release|x64.ActiveCfg = Release|Any CPU
		{575E4594-E65F-49C0-95A4-A01F11F9C32D}.Release|x64.Build.0 = Release|Any CPU
		{575E4594-E65F-49C0-95A4-A01F11F9C32D}.Release|x86.ActiveCfg = Release|Any CPU
		{575E4594-E65F-49C0-95A4-A01F11F9C32D}.Release|x86.Build.0 = Release|Any CPU
		{14EC33E0-BA27-47E1-B7E2-E8F8A6D40879}.Debug|Any CPU.ActiveCfg = Debug|Any CPU
		{14EC33E0-BA27-47E1-B7E2-E8F8A6D40879}.Debug|Any CPU.Build.0 = Debug|Any CPU
		{14EC33E0-BA27-47E1-B7E2-E8F8A6D40879}.Debug|x64.ActiveCfg = Debug|Any CPU
		{14EC33E0-BA27-47E1-B7E2-E8F8A6D40879}.Debug|x64.Build.0 = Debug|Any CPU
		{14EC33E0-BA27-47E1-B7E2-E8F8A6D40879}.Debug|x86.ActiveCfg = Debug|Any CPU
		{14EC33E0-BA27-47E1-B7E2-E8F8A6D40879}.Debug|x86.Build.0 = Debug|Any CPU
		{14EC33E0-BA27-47E1-B7E2-E8F8A6D40879}.Release|Any CPU.ActiveCfg = Release|Any CPU
		{14EC33E0-BA27-47E1-B7E2-E8F8A6D40879}.Release|Any CPU.Build.0 = Release|Any CPU
		{14EC33E0-BA27-47E1-B7E2-E8F8A6D40879}.Release|x64.ActiveCfg = Release|Any CPU
		{14EC33E0-BA27-47E1-B7E2-E8F8A6D40879}.Release|x64.Build.0 = Release|Any CPU
		{14EC33E0-BA27-47E1-B7E2-E8F8A6D40879}.Release|x86.ActiveCfg = Release|Any CPU
		{14EC33E0-BA27-47E1-B7E2-E8F8A6D40879}.Release|x86.Build.0 = Release|Any CPU
	EndGlobalSection
	GlobalSection(SolutionProperties) = preSolution
		HideSolutionNode = FALSE
	EndGlobalSection
	GlobalSection(ExtensibilityGlobals) = postSolution
		SolutionGuid = {A8ACF0CC-6600-4B31-BD5E-D85C6EC10C55}
	EndGlobalSection
EndGlobal
